
Microsoft Visual Studio Solution File, Format Version 12.00
# Visual Studio Version 17
VisualStudioVersion = 17.9.34723.18
MinimumVisualStudioVersion = 10.0.40219.1
Project("{9A19103F-16F7-4668-BE54-9A1E7A4F7556}") = "MyPaint", "MyPaint\MyPaint.csproj", "{01E49F2C-BE7D-4D4E-9690-74E850C4B0C7}"
EndProject
Project("{9A19103F-16F7-4668-BE54-9A1E7A4F7556}") = "IShape", "IShape\IShape.csproj", "{FDFED888-CA06-4CCF-9BC4-3F867EA029CC}"
EndProject
Project("{9A19103F-16F7-4668-BE54-9A1E7A4F7556}") = "RectangleShape", "RectangleShape\RectangleShape.csproj", "{2B67B278-6AED-44F8-937E-35632FBD99BD}"
EndProject
Project("{9A19103F-16F7-4668-BE54-9A1E7A4F7556}") = "LineShape", "LineShape\LineShape.csproj", "{4EF7F2E1-AB77-4955-B956-FF57060D4175}"
EndProject
Project("{9A19103F-16F7-4668-BE54-9A1E7A4F7556}") = "EllipseShape", "EllispeShape\EllipseShape.csproj", "{B8B60F83-A182-4782-8BFB-5A10A01839BE}"
EndProject
Project("{FAE04EC0-301F-11D3-BF4B-00C04F79EFBC}") = "ToolPencil", "Pencil\ToolPencil.csproj", "{E9B22653-D2B4-47AE-8FD7-91E9AE28F894}"
EndProject
Project("{FAE04EC0-301F-11D3-BF4B-00C04F79EFBC}") = "ToolEraser", "Eraser\ToolEraser.csproj", "{6A6F3B9D-E60E-4E27-A599-F85CC2DC2A4A}"
EndProject
Global
	GlobalSection(SolutionConfigurationPlatforms) = preSolution
		Debug|Any CPU = Debug|Any CPU
		Release|Any CPU = Release|Any CPU
	EndGlobalSection
	GlobalSection(ProjectConfigurationPlatforms) = postSolution
		{01E49F2C-BE7D-4D4E-9690-74E850C4B0C7}.Debug|Any CPU.ActiveCfg = Debug|Any CPU
		{01E49F2C-BE7D-4D4E-9690-74E850C4B0C7}.Debug|Any CPU.Build.0 = Debug|Any CPU
		{01E49F2C-BE7D-4D4E-9690-74E850C4B0C7}.Release|Any CPU.ActiveCfg = Release|Any CPU
		{01E49F2C-BE7D-4D4E-9690-74E850C4B0C7}.Release|Any CPU.Build.0 = Release|Any CPU
		{FDFED888-CA06-4CCF-9BC4-3F867EA029CC}.Debug|Any CPU.ActiveCfg = Debug|Any CPU
		{FDFED888-CA06-4CCF-9BC4-3F867EA029CC}.Debug|Any CPU.Build.0 = Debug|Any CPU
		{FDFED888-CA06-4CCF-9BC4-3F867EA029CC}.Release|Any CPU.ActiveCfg = Release|Any CPU
		{FDFED888-CA06-4CCF-9BC4-3F867EA029CC}.Release|Any CPU.Build.0 = Release|Any CPU
		{2B67B278-6AED-44F8-937E-35632FBD99BD}.Debug|Any CPU.ActiveCfg = Debug|Any CPU
		{2B67B278-6AED-44F8-937E-35632FBD99BD}.Debug|Any CPU.Build.0 = Debug|Any CPU
		{2B67B278-6AED-44F8-937E-35632FBD99BD}.Release|Any CPU.ActiveCfg = Release|Any CPU
		{2B67B278-6AED-44F8-937E-35632FBD99BD}.Release|Any CPU.Build.0 = Release|Any CPU
		{4EF7F2E1-AB77-4955-B956-FF57060D4175}.Debug|Any CPU.ActiveCfg = Debug|Any CPU
		{4EF7F2E1-AB77-4955-B956-FF57060D4175}.Debug|Any CPU.Build.0 = Debug|Any CPU
		{4EF7F2E1-AB77-4955-B956-FF57060D4175}.Release|Any CPU.ActiveCfg = Release|Any CPU
		{4EF7F2E1-AB77-4955-B956-FF57060D4175}.Release|Any CPU.Build.0 = Release|Any CPU
		{B8B60F83-A182-4782-8BFB-5A10A01839BE}.Debug|Any CPU.ActiveCfg = Debug|Any CPU
		{B8B60F83-A182-4782-8BFB-5A10A01839BE}.Debug|Any CPU.Build.0 = Debug|Any CPU
		{B8B60F83-A182-4782-8BFB-5A10A01839BE}.Release|Any CPU.ActiveCfg = Release|Any CPU
		{B8B60F83-A182-4782-8BFB-5A10A01839BE}.Release|Any CPU.Build.0 = Release|Any CPU
		{E9B22653-D2B4-47AE-8FD7-91E9AE28F894}.Debug|Any CPU.ActiveCfg = Debug|Any CPU
		{E9B22653-D2B4-47AE-8FD7-91E9AE28F894}.Debug|Any CPU.Build.0 = Debug|Any CPU
		{E9B22653-D2B4-47AE-8FD7-91E9AE28F894}.Release|Any CPU.ActiveCfg = Release|Any CPU
		{E9B22653-D2B4-47AE-8FD7-91E9AE28F894}.Release|Any CPU.Build.0 = Release|Any CPU
		{6A6F3B9D-E60E-4E27-A599-F85CC2DC2A4A}.Debug|Any CPU.ActiveCfg = Debug|Any CPU
		{6A6F3B9D-E60E-4E27-A599-F85CC2DC2A4A}.Debug|Any CPU.Build.0 = Debug|Any CPU
		{6A6F3B9D-E60E-4E27-A599-F85CC2DC2A4A}.Release|Any CPU.ActiveCfg = Release|Any CPU
		{6A6F3B9D-E60E-4E27-A599-F85CC2DC2A4A}.Release|Any CPU.Build.0 = Release|Any CPU
	EndGlobalSection
	GlobalSection(SolutionProperties) = preSolution
		HideSolutionNode = FALSE
	EndGlobalSection
	GlobalSection(ExtensibilityGlobals) = postSolution
		SolutionGuid = {4C68A1C4-C83B-473D-8ABF-7F90D30BE4EC}
	EndGlobalSection
EndGlobal
